
Microsoft Visual Studio Solution File, Format Version 12.00
# Visual Studio Version 16
VisualStudioVersion = 16.0.810.25
MinimumVisualStudioVersion = 10.0.40219.1
Project("{FAE04EC0-301F-11D3-BF4B-00C04F79EFBC}") = "Number_Analyzer", "Number_Analyzer\Number_Analyzer.csproj", "{6BDACC45-D8E8-49A3-9299-48B951950335}"
EndProject
Global
	GlobalSection(SolutionConfigurationPlatforms) = preSolution
		Debug|Any CPU = Debug|Any CPU
		Release|Any CPU = Release|Any CPU
	EndGlobalSection
	GlobalSection(ProjectConfigurationPlatforms) = postSolution
		{6BDACC45-D8E8-49A3-9299-48B951950335}.Debug|Any CPU.ActiveCfg = Debug|Any CPU
		{6BDACC45-D8E8-49A3-9299-48B951950335}.Debug|Any CPU.Build.0 = Debug|Any CPU
		{6BDACC45-D8E8-49A3-9299-48B951950335}.Release|Any CPU.ActiveCfg = Release|Any CPU
		{6BDACC45-D8E8-49A3-9299-48B951950335}.Release|Any CPU.Build.0 = Release|Any CPU
	EndGlobalSection
	GlobalSection(SolutionProperties) = preSolution
		HideSolutionNode = FALSE
	EndGlobalSection
	GlobalSection(ExtensibilityGlobals) = postSolution
		SolutionGuid = {5B7BCAE3-FE05-4A9A-B680-FB665113F052}
	EndGlobalSection
EndGlobal
